// !$*UTF8*$!
{
	archiveVersion = 1;
	classes = {
	};
	objectVersion = 46;
	objects = {

/* Begin PBXBuildFile section */
		69679A251EA1627A00E0A991 /* AppDelegate.swift in Sources */ = {isa = PBXBuildFile; fileRef = 69679A241EA1627A00E0A991 /* AppDelegate.swift */; };
		69679A271EA1627A00E0A991 /* FirstViewController.swift in Sources */ = {isa = PBXBuildFile; fileRef = 69679A261EA1627A00E0A991 /* FirstViewController.swift */; };
		69679A291EA1627A00E0A991 /* SecondViewController.swift in Sources */ = {isa = PBXBuildFile; fileRef = 69679A281EA1627A00E0A991 /* SecondViewController.swift */; };
		69679A2C1EA1627A00E0A991 /* Main.storyboard in Resources */ = {isa = PBXBuildFile; fileRef = 69679A2A1EA1627A00E0A991 /* Main.storyboard */; };
		69679A2E1EA1627A00E0A991 /* Assets.xcassets in Resources */ = {isa = PBXBuildFile; fileRef = 69679A2D1EA1627A00E0A991 /* Assets.xcassets */; };
		69679A311EA1627A00E0A991 /* LaunchScreen.storyboard in Resources */ = {isa = PBXBuildFile; fileRef = 69679A2F1EA1627A00E0A991 /* LaunchScreen.storyboard */; };
		69679A3C1EA1627A00E0A991 /* BLEMeshNetworkTests.swift in Sources */ = {isa = PBXBuildFile; fileRef = 69679A3B1EA1627A00E0A991 /* BLEMeshNetworkTests.swift */; };
		69679A471EA1627A00E0A991 /* BLEMeshNetworkUITests.swift in Sources */ = {isa = PBXBuildFile; fileRef = 69679A461EA1627A00E0A991 /* BLEMeshNetworkUITests.swift */; };
/* End PBXBuildFile section */

/* Begin PBXContainerItemProxy section */
		69679A381EA1627A00E0A991 /* PBXContainerItemProxy */ = {
			isa = PBXContainerItemProxy;
			containerPortal = 69679A191EA1627A00E0A991 /* Project object */;
			proxyType = 1;
			remoteGlobalIDString = 69679A201EA1627A00E0A991;
			remoteInfo = BLEMeshNetwork;
		};
		69679A431EA1627A00E0A991 /* PBXContainerItemProxy */ = {
			isa = PBXContainerItemProxy;
			containerPortal = 69679A191EA1627A00E0A991 /* Project object */;
			proxyType = 1;
			remoteGlobalIDString = 69679A201EA1627A00E0A991;
			remoteInfo = BLEMeshNetwork;
		};
/* End PBXContainerItemProxy section */

/* Begin PBXFileReference section */
		69679A211EA1627A00E0A991 /* BLEMeshNetwork.app */ = {isa = PBXFileReference; explicitFileType = wrapper.application; includeInIndex = 0; path = BLEMeshNetwork.app; sourceTree = BUILT_PRODUCTS_DIR; };
		69679A241EA1627A00E0A991 /* AppDelegate.swift */ = {isa = PBXFileReference; lastKnownFileType = sourcecode.swift; path = AppDelegate.swift; sourceTree = "<group>"; };
		69679A261EA1627A00E0A991 /* FirstViewController.swift */ = {isa = PBXFileReference; lastKnownFileType = sourcecode.swift; path = FirstViewController.swift; sourceTree = "<group>"; };
		69679A281EA1627A00E0A991 /* SecondViewController.swift */ = {isa = PBXFileReference; lastKnownFileType = sourcecode.swift; path = SecondViewController.swift; sourceTree = "<group>"; };
		69679A2B1EA1627A00E0A991 /* Base */ = {isa = PBXFileReference; lastKnownFileType = file.storyboard; name = Base; path = Base.lproj/Main.storyboard; sourceTree = "<group>"; };
		69679A2D1EA1627A00E0A991 /* Assets.xcassets */ = {isa = PBXFileReference; lastKnownFileType = folder.assetcatalog; path = Assets.xcassets; sourceTree = "<group>"; };
		69679A301EA1627A00E0A991 /* Base */ = {isa = PBXFileReference; lastKnownFileType = file.storyboard; name = Base; path = Base.lproj/LaunchScreen.storyboard; sourceTree = "<group>"; };
		69679A321EA1627A00E0A991 /* Info.plist */ = {isa = PBXFileReference; lastKnownFileType = text.plist.xml; path = Info.plist; sourceTree = "<group>"; };
		69679A371EA1627A00E0A991 /* BLEMeshNetworkTests.xctest */ = {isa = PBXFileReference; explicitFileType = wrapper.cfbundle; includeInIndex = 0; path = BLEMeshNetworkTests.xctest; sourceTree = BUILT_PRODUCTS_DIR; };
		69679A3B1EA1627A00E0A991 /* BLEMeshNetworkTests.swift */ = {isa = PBXFileReference; lastKnownFileType = sourcecode.swift; path = BLEMeshNetworkTests.swift; sourceTree = "<group>"; };
		69679A3D1EA1627A00E0A991 /* Info.plist */ = {isa = PBXFileReference; lastKnownFileType = text.plist.xml; path = Info.plist; sourceTree = "<group>"; };
		69679A421EA1627A00E0A991 /* BLEMeshNetworkUITests.xctest */ = {isa = PBXFileReference; explicitFileType = wrapper.cfbundle; includeInIndex = 0; path = BLEMeshNetworkUITests.xctest; sourceTree = BUILT_PRODUCTS_DIR; };
		69679A461EA1627A00E0A991 /* BLEMeshNetworkUITests.swift */ = {isa = PBXFileReference; lastKnownFileType = sourcecode.swift; path = BLEMeshNetworkUITests.swift; sourceTree = "<group>"; };
		69679A481EA1627A00E0A991 /* Info.plist */ = {isa = PBXFileReference; lastKnownFileType = text.plist.xml; path = Info.plist; sourceTree = "<group>"; };
/* End PBXFileReference section */

/* Begin PBXFrameworksBuildPhase section */
		69679A1E1EA1627A00E0A991 /* Frameworks */ = {
			isa = PBXFrameworksBuildPhase;
			buildActionMask = 2147483647;
			files = (
			);
			runOnlyForDeploymentPostprocessing = 0;
		};
		69679A341EA1627A00E0A991 /* Frameworks */ = {
			isa = PBXFrameworksBuildPhase;
			buildActionMask = 2147483647;
			files = (
			);
			runOnlyForDeploymentPostprocessing = 0;
		};
		69679A3F1EA1627A00E0A991 /* Frameworks */ = {
			isa = PBXFrameworksBuildPhase;
			buildActionMask = 2147483647;
			files = (
			);
			runOnlyForDeploymentPostprocessing = 0;
		};
/* End PBXFrameworksBuildPhase section */

/* Begin PBXGroup section */
		69679A181EA1627A00E0A991 = {
			isa = PBXGroup;
			children = (
				69679A231EA1627A00E0A991 /* BLEMeshNetwork */,
				69679A3A1EA1627A00E0A991 /* BLEMeshNetworkTests */,
				69679A451EA1627A00E0A991 /* BLEMeshNetworkUITests */,
				69679A221EA1627A00E0A991 /* Products */,
			);
			sourceTree = "<group>";
		};
		69679A221EA1627A00E0A991 /* Products */ = {
			isa = PBXGroup;
			children = (
				69679A211EA1627A00E0A991 /* BLEMeshNetwork.app */,
				69679A371EA1627A00E0A991 /* BLEMeshNetworkTests.xctest */,
				69679A421EA1627A00E0A991 /* BLEMeshNetworkUITests.xctest */,
			);
			name = Products;
			sourceTree = "<group>";
		};
		69679A231EA1627A00E0A991 /* BLEMeshNetwork */ = {
			isa = PBXGroup;
			children = (
				69679A241EA1627A00E0A991 /* AppDelegate.swift */,
				69679A261EA1627A00E0A991 /* FirstViewController.swift */,
				69679A281EA1627A00E0A991 /* SecondViewController.swift */,
				69679A2A1EA1627A00E0A991 /* Main.storyboard */,
				69679A2D1EA1627A00E0A991 /* Assets.xcassets */,
				69679A2F1EA1627A00E0A991 /* LaunchScreen.storyboard */,
				69679A321EA1627A00E0A991 /* Info.plist */,
			);
			path = BLEMeshNetwork;
			sourceTree = "<group>";
		};
		69679A3A1EA1627A00E0A991 /* BLEMeshNetworkTests */ = {
			isa = PBXGroup;
			children = (
				69679A3B1EA1627A00E0A991 /* BLEMeshNetworkTests.swift */,
				69679A3D1EA1627A00E0A991 /* Info.plist */,
			);
			path = BLEMeshNetworkTests;
			sourceTree = "<group>";
		};
		69679A451EA1627A00E0A991 /* BLEMeshNetworkUITests */ = {
			isa = PBXGroup;
			children = (
				69679A461EA1627A00E0A991 /* BLEMeshNetworkUITests.swift */,
				69679A481EA1627A00E0A991 /* Info.plist */,
			);
			path = BLEMeshNetworkUITests;
			sourceTree = "<group>";
		};
/* End PBXGroup section */

/* Begin PBXNativeTarget section */
		69679A201EA1627A00E0A991 /* BLEMeshNetwork */ = {
			isa = PBXNativeTarget;
			buildConfigurationList = 69679A4B1EA1627A00E0A991 /* Build configuration list for PBXNativeTarget "BLEMeshNetwork" */;
			buildPhases = (
				69679A1D1EA1627A00E0A991 /* Sources */,
				69679A1E1EA1627A00E0A991 /* Frameworks */,
				69679A1F1EA1627A00E0A991 /* Resources */,
			);
			buildRules = (
			);
			dependencies = (
			);
			name = BLEMeshNetwork;
			productName = BLEMeshNetwork;
			productReference = 69679A211EA1627A00E0A991 /* BLEMeshNetwork.app */;
			productType = "com.apple.product-type.application";
		};
		69679A361EA1627A00E0A991 /* BLEMeshNetworkTests */ = {
			isa = PBXNativeTarget;
			buildConfigurationList = 69679A4E1EA1627A00E0A991 /* Build configuration list for PBXNativeTarget "BLEMeshNetworkTests" */;
			buildPhases = (
				69679A331EA1627A00E0A991 /* Sources */,
				69679A341EA1627A00E0A991 /* Frameworks */,
				69679A351EA1627A00E0A991 /* Resources */,
			);
			buildRules = (
			);
			dependencies = (
				69679A391EA1627A00E0A991 /* PBXTargetDependency */,
			);
			name = BLEMeshNetworkTests;
			productName = BLEMeshNetworkTests;
			productReference = 69679A371EA1627A00E0A991 /* BLEMeshNetworkTests.xctest */;
			productType = "com.apple.product-type.bundle.unit-test";
		};
		69679A411EA1627A00E0A991 /* BLEMeshNetworkUITests */ = {
			isa = PBXNativeTarget;
			buildConfigurationList = 69679A511EA1627A00E0A991 /* Build configuration list for PBXNativeTarget "BLEMeshNetworkUITests" */;
			buildPhases = (
				69679A3E1EA1627A00E0A991 /* Sources */,
				69679A3F1EA1627A00E0A991 /* Frameworks */,
				69679A401EA1627A00E0A991 /* Resources */,
			);
			buildRules = (
			);
			dependencies = (
				69679A441EA1627A00E0A991 /* PBXTargetDependency */,
			);
			name = BLEMeshNetworkUITests;
			productName = BLEMeshNetworkUITests;
			productReference = 69679A421EA1627A00E0A991 /* BLEMeshNetworkUITests.xctest */;
			productType = "com.apple.product-type.bundle.ui-testing";
		};
/* End PBXNativeTarget section */

/* Begin PBXProject section */
		69679A191EA1627A00E0A991 /* Project object */ = {
			isa = PBXProject;
			attributes = {
				LastSwiftUpdateCheck = 0830;
				LastUpgradeCheck = 0830;
				ORGANIZATIONNAME = "6.S062 Group";
				TargetAttributes = {
					69679A201EA1627A00E0A991 = {
						CreatedOnToolsVersion = 8.3.1;
						DevelopmentTeam = FMX624XYV9;
						ProvisioningStyle = Automatic;
					};
					69679A361EA1627A00E0A991 = {
						CreatedOnToolsVersion = 8.3.1;
						DevelopmentTeam = FMX624XYV9;
						ProvisioningStyle = Automatic;
						TestTargetID = 69679A201EA1627A00E0A991;
					};
					69679A411EA1627A00E0A991 = {
						CreatedOnToolsVersion = 8.3.1;
						DevelopmentTeam = FMX624XYV9;
						ProvisioningStyle = Automatic;
						TestTargetID = 69679A201EA1627A00E0A991;
					};
				};
			};
			buildConfigurationList = 69679A1C1EA1627A00E0A991 /* Build configuration list for PBXProject "BLEMeshNetwork" */;
			compatibilityVersion = "Xcode 3.2";
			developmentRegion = English;
			hasScannedForEncodings = 0;
			knownRegions = (
				en,
				Base,
			);
			mainGroup = 69679A181EA1627A00E0A991;
			productRefGroup = 69679A221EA1627A00E0A991 /* Products */;
			projectDirPath = "";
			projectRoot = "";
			targets = (
				69679A201EA1627A00E0A991 /* BLEMeshNetwork */,
				69679A361EA1627A00E0A991 /* BLEMeshNetworkTests */,
				69679A411EA1627A00E0A991 /* BLEMeshNetworkUITests */,
			);
		};
/* End PBXProject section */

/* Begin PBXResourcesBuildPhase section */
		69679A1F1EA1627A00E0A991 /* Resources */ = {
			isa = PBXResourcesBuildPhase;
			buildActionMask = 2147483647;
			files = (
				69679A311EA1627A00E0A991 /* LaunchScreen.storyboard in Resources */,
				69679A2E1EA1627A00E0A991 /* Assets.xcassets in Resources */,
				69679A2C1EA1627A00E0A991 /* Main.storyboard in Resources */,
			);
			runOnlyForDeploymentPostprocessing = 0;
		};
		69679A351EA1627A00E0A991 /* Resources */ = {
			isa = PBXResourcesBuildPhase;
			buildActionMask = 2147483647;
			files = (
			);
			runOnlyForDeploymentPostprocessing = 0;
		};
		69679A401EA1627A00E0A991 /* Resources */ = {
			isa = PBXResourcesBuildPhase;
			buildActionMask = 2147483647;
			files = (
			);
			runOnlyForDeploymentPostprocessing = 0;
		};
/* End PBXResourcesBuildPhase section */

/* Begin PBXSourcesBuildPhase section */
		69679A1D1EA1627A00E0A991 /* Sources */ = {
			isa = PBXSourcesBuildPhase;
			buildActionMask = 2147483647;
			files = (
				69679A291EA1627A00E0A991 /* SecondViewController.swift in Sources */,
				69679A251EA1627A00E0A991 /* AppDelegate.swift in Sources */,
				69679A271EA1627A00E0A991 /* FirstViewController.swift in Sources */,
			);
			runOnlyForDeploymentPostprocessing = 0;
		};
		69679A331EA1627A00E0A991 /* Sources */ = {
			isa = PBXSourcesBuildPhase;
			buildActionMask = 2147483647;
			files = (
				69679A3C1EA1627A00E0A991 /* BLEMeshNetworkTests.swift in Sources */,
			);
			runOnlyForDeploymentPostprocessing = 0;
		};
		69679A3E1EA1627A00E0A991 /* Sources */ = {
			isa = PBXSourcesBuildPhase;
			buildActionMask = 2147483647;
			files = (
				69679A471EA1627A00E0A991 /* BLEMeshNetworkUITests.swift in Sources */,
			);
			runOnlyForDeploymentPostprocessing = 0;
		};
/* End PBXSourcesBuildPhase section */

/* Begin PBXTargetDependency section */
		69679A391EA1627A00E0A991 /* PBXTargetDependency */ = {
			isa = PBXTargetDependency;
			target = 69679A201EA1627A00E0A991 /* BLEMeshNetwork */;
			targetProxy = 69679A381EA1627A00E0A991 /* PBXContainerItemProxy */;
		};
		69679A441EA1627A00E0A991 /* PBXTargetDependency */ = {
			isa = PBXTargetDependency;
			target = 69679A201EA1627A00E0A991 /* BLEMeshNetwork */;
			targetProxy = 69679A431EA1627A00E0A991 /* PBXContainerItemProxy */;
		};
/* End PBXTargetDependency section */

/* Begin PBXVariantGroup section */
		69679A2A1EA1627A00E0A991 /* Main.storyboard */ = {
			isa = PBXVariantGroup;
			children = (
				69679A2B1EA1627A00E0A991 /* Base */,
			);
			name = Main.storyboard;
			sourceTree = "<group>";
		};
		69679A2F1EA1627A00E0A991 /* LaunchScreen.storyboard */ = {
			isa = PBXVariantGroup;
			children = (
				69679A301EA1627A00E0A991 /* Base */,
			);
			name = LaunchScreen.storyboard;
			sourceTree = "<group>";
		};
/* End PBXVariantGroup section */

/* Begin XCBuildConfiguration section */
		69679A491EA1627A00E0A991 /* Debug */ = {
			isa = XCBuildConfiguration;
			buildSettings = {
				ALWAYS_SEARCH_USER_PATHS = NO;
				CLANG_ANALYZER_NONNULL = YES;
				CLANG_ANALYZER_NUMBER_OBJECT_CONVERSION = YES_AGGRESSIVE;
				CLANG_CXX_LANGUAGE_STANDARD = "gnu++0x";
				CLANG_CXX_LIBRARY = "libc++";
				CLANG_ENABLE_MODULES = YES;
				CLANG_ENABLE_OBJC_ARC = YES;
				CLANG_WARN_BOOL_CONVERSION = YES;
				CLANG_WARN_CONSTANT_CONVERSION = YES;
				CLANG_WARN_DIRECT_OBJC_ISA_USAGE = YES_ERROR;
				CLANG_WARN_DOCUMENTATION_COMMENTS = YES;
				CLANG_WARN_EMPTY_BODY = YES;
				CLANG_WARN_ENUM_CONVERSION = YES;
				CLANG_WARN_INFINITE_RECURSION = YES;
				CLANG_WARN_INT_CONVERSION = YES;
				CLANG_WARN_OBJC_ROOT_CLASS = YES_ERROR;
				CLANG_WARN_SUSPICIOUS_MOVE = YES;
				CLANG_WARN_UNREACHABLE_CODE = YES;
				CLANG_WARN__DUPLICATE_METHOD_MATCH = YES;
				"CODE_SIGN_IDENTITY[sdk=iphoneos*]" = "iPhone Developer";
				COPY_PHASE_STRIP = NO;
				DEBUG_INFORMATION_FORMAT = dwarf;
				ENABLE_STRICT_OBJC_MSGSEND = YES;
				ENABLE_TESTABILITY = YES;
				GCC_C_LANGUAGE_STANDARD = gnu99;
				GCC_DYNAMIC_NO_PIC = NO;
				GCC_NO_COMMON_BLOCKS = YES;
				GCC_OPTIMIZATION_LEVEL = 0;
				GCC_PREPROCESSOR_DEFINITIONS = (
					"DEBUG=1",
					"$(inherited)",
				);
				GCC_WARN_64_TO_32_BIT_CONVERSION = YES;
				GCC_WARN_ABOUT_RETURN_TYPE = YES_ERROR;
				GCC_WARN_UNDECLARED_SELECTOR = YES;
				GCC_WARN_UNINITIALIZED_AUTOS = YES_AGGRESSIVE;
				GCC_WARN_UNUSED_FUNCTION = YES;
				GCC_WARN_UNUSED_VARIABLE = YES;
				IPHONEOS_DEPLOYMENT_TARGET = 10.3;
				MTL_ENABLE_DEBUG_INFO = YES;
				ONLY_ACTIVE_ARCH = YES;
				SDKROOT = iphoneos;
				SWIFT_ACTIVE_COMPILATION_CONDITIONS = DEBUG;
				SWIFT_OPTIMIZATION_LEVEL = "-Onone";
				TARGETED_DEVICE_FAMILY = "1,2";
			};
			name = Debug;
		};
		69679A4A1EA1627A00E0A991 /* Release */ = {
			isa = XCBuildConfiguration;
			buildSettings = {
				ALWAYS_SEARCH_USER_PATHS = NO;
				CLANG_ANALYZER_NONNULL = YES;
				CLANG_ANALYZER_NUMBER_OBJECT_CONVERSION = YES_AGGRESSIVE;
				CLANG_CXX_LANGUAGE_STANDARD = "gnu++0x";
				CLANG_CXX_LIBRARY = "libc++";
				CLANG_ENABLE_MODULES = YES;
				CLANG_ENABLE_OBJC_ARC = YES;
				CLANG_WARN_BOOL_CONVERSION = YES;
				CLANG_WARN_CONSTANT_CONVERSION = YES;
				CLANG_WARN_DIRECT_OBJC_ISA_USAGE = YES_ERROR;
				CLANG_WARN_DOCUMENTATION_COMMENTS = YES;
				CLANG_WARN_EMPTY_BODY = YES;
				CLANG_WARN_ENUM_CONVERSION = YES;
				CLANG_WARN_INFINITE_RECURSION = YES;
				CLANG_WARN_INT_CONVERSION = YES;
				CLANG_WARN_OBJC_ROOT_CLASS = YES_ERROR;
				CLANG_WARN_SUSPICIOUS_MOVE = YES;
				CLANG_WARN_UNREACHABLE_CODE = YES;
				CLANG_WARN__DUPLICATE_METHOD_MATCH = YES;
				"CODE_SIGN_IDENTITY[sdk=iphoneos*]" = "iPhone Developer";
				COPY_PHASE_STRIP = NO;
				DEBUG_INFORMATION_FORMAT = "dwarf-with-dsym";
				ENABLE_NS_ASSERTIONS = NO;
				ENABLE_STRICT_OBJC_MSGSEND = YES;
				GCC_C_LANGUAGE_STANDARD = gnu99;
				GCC_NO_COMMON_BLOCKS = YES;
				GCC_WARN_64_TO_32_BIT_CONVERSION = YES;
				GCC_WARN_ABOUT_RETURN_TYPE = YES_ERROR;
				GCC_WARN_UNDECLARED_SELECTOR = YES;
				GCC_WARN_UNINITIALIZED_AUTOS = YES_AGGRESSIVE;
				GCC_WARN_UNUSED_FUNCTION = YES;
				GCC_WARN_UNUSED_VARIABLE = YES;
				IPHONEOS_DEPLOYMENT_TARGET = 10.3;
				MTL_ENABLE_DEBUG_INFO = NO;
				SDKROOT = iphoneos;
				SWIFT_OPTIMIZATION_LEVEL = "-Owholemodule";
				TARGETED_DEVICE_FAMILY = "1,2";
				VALIDATE_PRODUCT = YES;
			};
			name = Release;
		};
		69679A4C1EA1627A00E0A991 /* Debug */ = {
			isa = XCBuildConfiguration;
			buildSettings = {
				ASSETCATALOG_COMPILER_APPICON_NAME = AppIcon;
				DEVELOPMENT_TEAM = FMX624XYV9;
				INFOPLIST_FILE = BLEMeshNetwork/Info.plist;
				IPHONEOS_DEPLOYMENT_TARGET = 10.2;
				LD_RUNPATH_SEARCH_PATHS = "$(inherited) @executable_path/Frameworks";
				PRODUCT_BUNDLE_IDENTIFIER = com.6s062.BLEMeshNetwork;
				PRODUCT_NAME = "$(TARGET_NAME)";
				SWIFT_VERSION = 3.0;
			};
			name = Debug;
		};
		69679A4D1EA1627A00E0A991 /* Release */ = {
			isa = XCBuildConfiguration;
			buildSettings = {
				ASSETCATALOG_COMPILER_APPICON_NAME = AppIcon;
				DEVELOPMENT_TEAM = FMX624XYV9;
				INFOPLIST_FILE = BLEMeshNetwork/Info.plist;
				IPHONEOS_DEPLOYMENT_TARGET = 10.2;
				LD_RUNPATH_SEARCH_PATHS = "$(inherited) @executable_path/Frameworks";
				PRODUCT_BUNDLE_IDENTIFIER = com.6s062.BLEMeshNetwork;
				PRODUCT_NAME = "$(TARGET_NAME)";
				SWIFT_VERSION = 3.0;
			};
			name = Release;
		};
		69679A4F1EA1627A00E0A991 /* Debug */ = {
			isa = XCBuildConfiguration;
			buildSettings = {
				ALWAYS_EMBED_SWIFT_STANDARD_LIBRARIES = YES;
				BUNDLE_LOADER = "$(TEST_HOST)";
				DEVELOPMENT_TEAM = FMX624XYV9;
				INFOPLIST_FILE = BLEMeshNetworkTests/Info.plist;
				LD_RUNPATH_SEARCH_PATHS = "$(inherited) @executable_path/Frameworks @loader_path/Frameworks";
				PRODUCT_BUNDLE_IDENTIFIER = com.6s062.BLEMeshNetworkTests;
				PRODUCT_NAME = "$(TARGET_NAME)";
				SWIFT_VERSION = 3.0;
				TEST_HOST = "$(BUILT_PRODUCTS_DIR)/BLEMeshNetwork.app/BLEMeshNetwork";
			};
			name = Debug;
		};
		69679A501EA1627A00E0A991 /* Release */ = {
			isa = XCBuildConfiguration;
			buildSettings = {
				ALWAYS_EMBED_SWIFT_STANDARD_LIBRARIES = YES;
				BUNDLE_LOADER = "$(TEST_HOST)";
				DEVELOPMENT_TEAM = FMX624XYV9;
				INFOPLIST_FILE = BLEMeshNetworkTests/Info.plist;
				LD_RUNPATH_SEARCH_PATHS = "$(inherited) @executable_path/Frameworks @loader_path/Frameworks";
				PRODUCT_BUNDLE_IDENTIFIER = com.6s062.BLEMeshNetworkTests;
				PRODUCT_NAME = "$(TARGET_NAME)";
				SWIFT_VERSION = 3.0;
				TEST_HOST = "$(BUILT_PRODUCTS_DIR)/BLEMeshNetwork.app/BLEMeshNetwork";
			};
			name = Release;
		};
		69679A521EA1627A00E0A991 /* Debug */ = {
			isa = XCBuildConfiguration;
			buildSettings = {
				ALWAYS_EMBED_SWIFT_STANDARD_LIBRARIES = YES;
				DEVELOPMENT_TEAM = FMX624XYV9;
				INFOPLIST_FILE = BLEMeshNetworkUITests/Info.plist;
				LD_RUNPATH_SEARCH_PATHS = "$(inherited) @executable_path/Frameworks @loader_path/Frameworks";
				PRODUCT_BUNDLE_IDENTIFIER = com.6s062.BLEMeshNetworkUITests;
				PRODUCT_NAME = "$(TARGET_NAME)";
				SWIFT_VERSION = 3.0;
				TEST_TARGET_NAME = BLEMeshNetwork;
			};
			name = Debug;
		};
		69679A531EA1627A00E0A991 /* Release */ = {
			isa = XCBuildConfiguration;
			buildSettings = {
				ALWAYS_EMBED_SWIFT_STANDARD_LIBRARIES = YES;
				DEVELOPMENT_TEAM = FMX624XYV9;
				INFOPLIST_FILE = BLEMeshNetworkUITests/Info.plist;
				LD_RUNPATH_SEARCH_PATHS = "$(inherited) @executable_path/Frameworks @loader_path/Frameworks";
				PRODUCT_BUNDLE_IDENTIFIER = com.6s062.BLEMeshNetworkUITests;
				PRODUCT_NAME = "$(TARGET_NAME)";
				SWIFT_VERSION = 3.0;
				TEST_TARGET_NAME = BLEMeshNetwork;
			};
			name = Release;
		};
/* End XCBuildConfiguration section */

/* Begin XCConfigurationList section */
		69679A1C1EA1627A00E0A991 /* Build configuration list for PBXProject "BLEMeshNetwork" */ = {
			isa = XCConfigurationList;
			buildConfigurations = (
				69679A491EA1627A00E0A991 /* Debug */,
				69679A4A1EA1627A00E0A991 /* Release */,
			);
			defaultConfigurationIsVisible = 0;
			defaultConfigurationName = Release;
		};
		69679A4B1EA1627A00E0A991 /* Build configuration list for PBXNativeTarget "BLEMeshNetwork" */ = {
			isa = XCConfigurationList;
			buildConfigurations = (
				69679A4C1EA1627A00E0A991 /* Debug */,
				69679A4D1EA1627A00E0A991 /* Release */,
			);
			defaultConfigurationIsVisible = 0;
		};
		69679A4E1EA1627A00E0A991 /* Build configuration list for PBXNativeTarget "BLEMeshNetworkTests" */ = {
			isa = XCConfigurationList;
			buildConfigurations = (
				69679A4F1EA1627A00E0A991 /* Debug */,
				69679A501EA1627A00E0A991 /* Release */,
			);
			defaultConfigurationIsVisible = 0;
		};
		69679A511EA1627A00E0A991 /* Build configuration list for PBXNativeTarget "BLEMeshNetworkUITests" */ = {
			isa = XCConfigurationList;
			buildConfigurations = (
				69679A521EA1627A00E0A991 /* Debug */,
				69679A531EA1627A00E0A991 /* Release */,
			);
			defaultConfigurationIsVisible = 0;
		};
/* End XCConfigurationList section */
	};
	rootObject = 69679A191EA1627A00E0A991 /* Project object */;
}
